
Microsoft Visual Studio Solution File, Format Version 12.00
# Visual Studio Version 16
VisualStudioVersion = 16.0.33920.266
MinimumVisualStudioVersion = 10.0.40219.1
Project("{8BC9CEB8-8B4A-11D0-8D11-00A0C91BC942}") = "568745", "568745\568745.vcxproj", "{7BAA87D0-47CA-4934-825F-1EA36A687388}"
EndProject
Global
	GlobalSection(SolutionConfigurationPlatforms) = preSolution
		Debug|x64 = Debug|x64
		Debug|x86 = Debug|x86
		Release|x64 = Release|x64
		Release|x86 = Release|x86
	EndGlobalSection
	GlobalSection(ProjectConfigurationPlatforms) = postSolution
		{7BAA87D0-47CA-4934-825F-1EA36A687388}.Debug|x64.ActiveCfg = Debug|x64
		{7BAA87D0-47CA-4934-825F-1EA36A687388}.Debug|x64.Build.0 = Debug|x64
		{7BAA87D0-47CA-4934-825F-1EA36A687388}.Debug|x86.ActiveCfg = Debug|Win32
		{7BAA87D0-47CA-4934-825F-1EA36A687388}.Debug|x86.Build.0 = Debug|Win32
		{7BAA87D0-47CA-4934-825F-1EA36A687388}.Release|x64.ActiveCfg = Release|x64
		{7BAA87D0-47CA-4934-825F-1EA36A687388}.Release|x64.Build.0 = Release|x64
		{7BAA87D0-47CA-4934-825F-1EA36A687388}.Release|x86.ActiveCfg = Release|Win32
		{7BAA87D0-47CA-4934-825F-1EA36A687388}.Release|x86.Build.0 = Release|Win32
	EndGlobalSection
	GlobalSection(SolutionProperties) = preSolution
		HideSolutionNode = FALSE
	EndGlobalSection
	GlobalSection(ExtensibilityGlobals) = postSolution
		SolutionGuid = {1C538C9D-9EC8-4991-8BC1-9EFC0E356A11}
	EndGlobalSection
EndGlobal
